
Microsoft Visual Studio Solution File, Format Version 12.00
# Visual Studio Version 17
VisualStudioVersion = 17.11.35303.130
MinimumVisualStudioVersion = 10.0.40219.1
Project("{FAE04EC0-301F-11D3-BF4B-00C04F79EFBC}") = "SkillWave", "SkillWave\SkillWave.csproj", "{0F165B17-3A4E-4A5A-9235-C870A510FF6C}"
EndProject
Project("{FAE04EC0-301F-11D3-BF4B-00C04F79EFBC}") = "Entities", "Entities\Entities.csproj", "{C6F96D72-77AC-4230-B2DD-C3FB7EA81D14}"
EndProject
Project("{FAE04EC0-301F-11D3-BF4B-00C04F79EFBC}") = "Repository", "Repository\Repository.csproj", "{C8024CF0-CA37-4842-B192-FCB50BD21B8F}"
EndProject
Project("{FAE04EC0-301F-11D3-BF4B-00C04F79EFBC}") = "Presentation", "Presentation\Presentation.csproj", "{337CEFE7-988D-4B91-9842-C95DCD05F01C}"
EndProject
Project("{FAE04EC0-301F-11D3-BF4B-00C04F79EFBC}") = "Service", "Service\Service.csproj", "{7C61B759-B357-4CC8-B886-FFB3BE483D1F}"
EndProject
Global
	GlobalSection(SolutionConfigurationPlatforms) = preSolution
		Debug|Any CPU = Debug|Any CPU
		Release|Any CPU = Release|Any CPU
	EndGlobalSection
	GlobalSection(ProjectConfigurationPlatforms) = postSolution
		{0F165B17-3A4E-4A5A-9235-C870A510FF6C}.Debug|Any CPU.ActiveCfg = Debug|Any CPU
		{0F165B17-3A4E-4A5A-9235-C870A510FF6C}.Debug|Any CPU.Build.0 = Debug|Any CPU
		{0F165B17-3A4E-4A5A-9235-C870A510FF6C}.Release|Any CPU.ActiveCfg = Release|Any CPU
		{0F165B17-3A4E-4A5A-9235-C870A510FF6C}.Release|Any CPU.Build.0 = Release|Any CPU
		{C6F96D72-77AC-4230-B2DD-C3FB7EA81D14}.Debug|Any CPU.ActiveCfg = Debug|Any CPU
		{C6F96D72-77AC-4230-B2DD-C3FB7EA81D14}.Debug|Any CPU.Build.0 = Debug|Any CPU
		{C6F96D72-77AC-4230-B2DD-C3FB7EA81D14}.Release|Any CPU.ActiveCfg = Release|Any CPU
		{C6F96D72-77AC-4230-B2DD-C3FB7EA81D14}.Release|Any CPU.Build.0 = Release|Any CPU
		{C8024CF0-CA37-4842-B192-FCB50BD21B8F}.Debug|Any CPU.ActiveCfg = Debug|Any CPU
		{C8024CF0-CA37-4842-B192-FCB50BD21B8F}.Debug|Any CPU.Build.0 = Debug|Any CPU
		{C8024CF0-CA37-4842-B192-FCB50BD21B8F}.Release|Any CPU.ActiveCfg = Release|Any CPU
		{C8024CF0-CA37-4842-B192-FCB50BD21B8F}.Release|Any CPU.Build.0 = Release|Any CPU
		{337CEFE7-988D-4B91-9842-C95DCD05F01C}.Debug|Any CPU.ActiveCfg = Debug|Any CPU
		{337CEFE7-988D-4B91-9842-C95DCD05F01C}.Debug|Any CPU.Build.0 = Debug|Any CPU
		{337CEFE7-988D-4B91-9842-C95DCD05F01C}.Release|Any CPU.ActiveCfg = Release|Any CPU
		{337CEFE7-988D-4B91-9842-C95DCD05F01C}.Release|Any CPU.Build.0 = Release|Any CPU
		{7C61B759-B357-4CC8-B886-FFB3BE483D1F}.Debug|Any CPU.ActiveCfg = Debug|Any CPU
		{7C61B759-B357-4CC8-B886-FFB3BE483D1F}.Debug|Any CPU.Build.0 = Debug|Any CPU
		{7C61B759-B357-4CC8-B886-FFB3BE483D1F}.Release|Any CPU.ActiveCfg = Release|Any CPU
		{7C61B759-B357-4CC8-B886-FFB3BE483D1F}.Release|Any CPU.Build.0 = Release|Any CPU
	EndGlobalSection
	GlobalSection(SolutionProperties) = preSolution
		HideSolutionNode = FALSE
	EndGlobalSection
	GlobalSection(ExtensibilityGlobals) = postSolution
		SolutionGuid = {6210B508-76C7-4D2E-918F-9CD1B3D96815}
	EndGlobalSection
EndGlobal
